// !$*UTF8*$!
{
	archiveVersion = 1;
	classes = {
	};
	objectVersion = 48;
	objects = {

/* Begin PBXBuildFile section */
		C91A2DAE20261BB1003ABC1F /* CategoryViewController.swift in Sources */ = {isa = PBXBuildFile; fileRef = C91A2DAD20261BB1003ABC1F /* CategoryViewController.swift */; };
		C949B9DF200A4DEE00621872 /* AppDelegate.swift in Sources */ = {isa = PBXBuildFile; fileRef = C949B9DE200A4DEE00621872 /* AppDelegate.swift */; };
		C949B9E1200A4DEE00621872 /* ToDoListViewController.swift in Sources */ = {isa = PBXBuildFile; fileRef = C949B9E0200A4DEE00621872 /* ToDoListViewController.swift */; };
		C949B9E4200A4DEE00621872 /* Main.storyboard in Resources */ = {isa = PBXBuildFile; fileRef = C949B9E2200A4DEE00621872 /* Main.storyboard */; };
		C949B9E6200A4DEE00621872 /* Assets.xcassets in Resources */ = {isa = PBXBuildFile; fileRef = C949B9E5200A4DEE00621872 /* Assets.xcassets */; };
		C949B9E9200A4DEE00621872 /* LaunchScreen.storyboard in Resources */ = {isa = PBXBuildFile; fileRef = C949B9E7200A4DEE00621872 /* LaunchScreen.storyboard */; };
		C9697EEB201E034A003F0756 /* DataModel.xcdatamodeld in Sources */ = {isa = PBXBuildFile; fileRef = C9697EE9201E034A003F0756 /* DataModel.xcdatamodeld */; };
/* End PBXBuildFile section */

/* Begin PBXFileReference section */
		C91A2DAD20261BB1003ABC1F /* CategoryViewController.swift */ = {isa = PBXFileReference; lastKnownFileType = sourcecode.swift; path = CategoryViewController.swift; sourceTree = "<group>"; };
		C949B9DB200A4DEE00621872 /* DO IT!.app */ = {isa = PBXFileReference; explicitFileType = wrapper.application; includeInIndex = 0; path = "DO IT!.app"; sourceTree = BUILT_PRODUCTS_DIR; };
		C949B9DE200A4DEE00621872 /* AppDelegate.swift */ = {isa = PBXFileReference; lastKnownFileType = sourcecode.swift; path = AppDelegate.swift; sourceTree = "<group>"; };
		C949B9E0200A4DEE00621872 /* ToDoListViewController.swift */ = {isa = PBXFileReference; lastKnownFileType = sourcecode.swift; path = ToDoListViewController.swift; sourceTree = "<group>"; };
		C949B9E3200A4DEE00621872 /* Base */ = {isa = PBXFileReference; lastKnownFileType = file.storyboard; name = Base; path = Base.lproj/Main.storyboard; sourceTree = "<group>"; };
		C949B9E5200A4DEE00621872 /* Assets.xcassets */ = {isa = PBXFileReference; lastKnownFileType = folder.assetcatalog; path = Assets.xcassets; sourceTree = "<group>"; };
		C949B9E8200A4DEE00621872 /* Base */ = {isa = PBXFileReference; lastKnownFileType = file.storyboard; name = Base; path = Base.lproj/LaunchScreen.storyboard; sourceTree = "<group>"; };
		C949B9EA200A4DEE00621872 /* Info.plist */ = {isa = PBXFileReference; lastKnownFileType = text.plist.xml; path = Info.plist; sourceTree = "<group>"; };
		C9697EEA201E034A003F0756 /* DataModel.xcdatamodel */ = {isa = PBXFileReference; lastKnownFileType = wrapper.xcdatamodel; path = DataModel.xcdatamodel; sourceTree = "<group>"; };
/* End PBXFileReference section */

/* Begin PBXFrameworksBuildPhase section */
		C949B9D8200A4DEE00621872 /* Frameworks */ = {
			isa = PBXFrameworksBuildPhase;
			buildActionMask = 2147483647;
			files = (
			);
			runOnlyForDeploymentPostprocessing = 0;
		};
/* End PBXFrameworksBuildPhase section */

/* Begin PBXGroup section */
		C949B9D2200A4DEE00621872 = {
			isa = PBXGroup;
			children = (
				C949B9DD200A4DEE00621872 /* DO IT! */,
				C949B9DC200A4DEE00621872 /* Products */,
			);
			sourceTree = "<group>";
		};
		C949B9DC200A4DEE00621872 /* Products */ = {
			isa = PBXGroup;
			children = (
				C949B9DB200A4DEE00621872 /* DO IT!.app */,
			);
			name = Products;
			sourceTree = "<group>";
		};
		C949B9DD200A4DEE00621872 /* DO IT! */ = {
			isa = PBXGroup;
			children = (
				C949B9DE200A4DEE00621872 /* AppDelegate.swift */,
				C949B9F2200B9D0000621872 /* Data Model */,
				C949B9F3200B9D0F00621872 /* Controllers */,
				C949B9F4200B9D3000621872 /* Views */,
				C949B9F5200B9D5700621872 /* Supporting Files */,
				C949B9EA200A4DEE00621872 /* Info.plist */,
			);
			path = "DO IT!";
			sourceTree = "<group>";
		};
		C949B9F2200B9D0000621872 /* Data Model */ = {
			isa = PBXGroup;
			children = (
				C9697EE9201E034A003F0756 /* DataModel.xcdatamodeld */,
			);
			path = "Data Model";
			sourceTree = "<group>";
		};
		C949B9F3200B9D0F00621872 /* Controllers */ = {
			isa = PBXGroup;
			children = (
				C91A2DAD20261BB1003ABC1F /* CategoryViewController.swift */,
				C949B9E0200A4DEE00621872 /* ToDoListViewController.swift */,
			);
			path = Controllers;
			sourceTree = "<group>";
		};
		C949B9F4200B9D3000621872 /* Views */ = {
			isa = PBXGroup;
			children = (
				C949B9E2200A4DEE00621872 /* Main.storyboard */,
			);
			path = Views;
			sourceTree = "<group>";
		};
		C949B9F5200B9D5700621872 /* Supporting Files */ = {
			isa = PBXGroup;
			children = (
				C949B9E5200A4DEE00621872 /* Assets.xcassets */,
				C949B9E7200A4DEE00621872 /* LaunchScreen.storyboard */,
			);
			path = "Supporting Files";
			sourceTree = "<group>";
		};
/* End PBXGroup section */

/* Begin PBXNativeTarget section */
		C949B9DA200A4DEE00621872 /* DO IT! */ = {
			isa = PBXNativeTarget;
			buildConfigurationList = C949B9ED200A4DEF00621872 /* Build configuration list for PBXNativeTarget "DO IT!" */;
			buildPhases = (
				C949B9D7200A4DEE00621872 /* Sources */,
				C949B9D8200A4DEE00621872 /* Frameworks */,
				C949B9D9200A4DEE00621872 /* Resources */,
			);
			buildRules = (
			);
			dependencies = (
			);
			name = "DO IT!";
			productName = "DO IT!";
			productReference = C949B9DB200A4DEE00621872 /* DO IT!.app */;
			productType = "com.apple.product-type.application";
		};
/* End PBXNativeTarget section */

/* Begin PBXProject section */
		C949B9D3200A4DEE00621872 /* Project object */ = {
			isa = PBXProject;
			attributes = {
				LastSwiftUpdateCheck = 0920;
				LastUpgradeCheck = 0920;
				ORGANIZATIONNAME = "J. Ghosty Creative";
				TargetAttributes = {
					C949B9DA200A4DEE00621872 = {
						CreatedOnToolsVersion = 9.2;
						ProvisioningStyle = Automatic;
					};
				};
			};
			buildConfigurationList = C949B9D6200A4DEE00621872 /* Build configuration list for PBXProject "DO IT!" */;
			compatibilityVersion = "Xcode 8.0";
			developmentRegion = en;
			hasScannedForEncodings = 0;
			knownRegions = (
				en,
				Base,
			);
			mainGroup = C949B9D2200A4DEE00621872;
			productRefGroup = C949B9DC200A4DEE00621872 /* Products */;
			projectDirPath = "";
			projectRoot = "";
			targets = (
				C949B9DA200A4DEE00621872 /* DO IT! */,
			);
		};
/* End PBXProject section */

/* Begin PBXResourcesBuildPhase section */
		C949B9D9200A4DEE00621872 /* Resources */ = {
			isa = PBXResourcesBuildPhase;
			buildActionMask = 2147483647;
			files = (
				C949B9E9200A4DEE00621872 /* LaunchScreen.storyboard in Resources */,
				C949B9E6200A4DEE00621872 /* Assets.xcassets in Resources */,
				C949B9E4200A4DEE00621872 /* Main.storyboard in Resources */,
			);
			runOnlyForDeploymentPostprocessing = 0;
		};
/* End PBXResourcesBuildPhase section */

/* Begin PBXSourcesBuildPhase section */
		C949B9D7200A4DEE00621872 /* Sources */ = {
			isa = PBXSourcesBuildPhase;
			buildActionMask = 2147483647;
			files = (
				C91A2DAE20261BB1003ABC1F /* CategoryViewController.swift in Sources */,
				C949B9E1200A4DEE00621872 /* ToDoListViewController.swift in Sources */,
				C9697EEB201E034A003F0756 /* DataModel.xcdatamodeld in Sources */,
				C949B9DF200A4DEE00621872 /* AppDelegate.swift in Sources */,
			);
			runOnlyForDeploymentPostprocessing = 0;
		};
/* End PBXSourcesBuildPhase section */

/* Begin PBXVariantGroup section */
		C949B9E2200A4DEE00621872 /* Main.storyboard */ = {
			isa = PBXVariantGroup;
			children = (
				C949B9E3200A4DEE00621872 /* Base */,
			);
			name = Main.storyboard;
			sourceTree = "<group>";
		};
		C949B9E7200A4DEE00621872 /* LaunchScreen.storyboard */ = {
			isa = PBXVariantGroup;
			children = (
				C949B9E8200A4DEE00621872 /* Base */,
			);
			name = LaunchScreen.storyboard;
			sourceTree = "<group>";
		};
/* End PBXVariantGroup section */

/* Begin XCBuildConfiguration section */
		C949B9EB200A4DEF00621872 /* Debug */ = {
			isa = XCBuildConfiguration;
			buildSettings = {
				ALWAYS_SEARCH_USER_PATHS = NO;
				CLANG_ANALYZER_NONNULL = YES;
				CLANG_ANALYZER_NUMBER_OBJECT_CONVERSION = YES_AGGRESSIVE;
				CLANG_CXX_LANGUAGE_STANDARD = "gnu++14";
				CLANG_CXX_LIBRARY = "libc++";
				CLANG_ENABLE_MODULES = YES;
				CLANG_ENABLE_OBJC_ARC = YES;
				CLANG_WARN_BLOCK_CAPTURE_AUTORELEASING = YES;
				CLANG_WARN_BOOL_CONVERSION = YES;
				CLANG_WARN_COMMA = YES;
				CLANG_WARN_CONSTANT_CONVERSION = YES;
				CLANG_WARN_DIRECT_OBJC_ISA_USAGE = YES_ERROR;
				CLANG_WARN_DOCUMENTATION_COMMENTS = YES;
				CLANG_WARN_EMPTY_BODY = YES;
				CLANG_WARN_ENUM_CONVERSION = YES;
				CLANG_WARN_INFINITE_RECURSION = YES;
				CLANG_WARN_INT_CONVERSION = YES;
				CLANG_WARN_NON_LITERAL_NULL_CONVERSION = YES;
				CLANG_WARN_OBJC_LITERAL_CONVERSION = YES;
				CLANG_WARN_OBJC_ROOT_CLASS = YES_ERROR;
				CLANG_WARN_RANGE_LOOP_ANALYSIS = YES;
				CLANG_WARN_STRICT_PROTOTYPES = YES;
				CLANG_WARN_SUSPICIOUS_MOVE = YES;
				CLANG_WARN_UNGUARDED_AVAILABILITY = YES_AGGRESSIVE;
				CLANG_WARN_UNREACHABLE_CODE = YES;
				CLANG_WARN__DUPLICATE_METHOD_MATCH = YES;
				CODE_SIGN_IDENTITY = "iPhone Developer";
				COPY_PHASE_STRIP = NO;
				DEBUG_INFORMATION_FORMAT = dwarf;
				ENABLE_STRICT_OBJC_MSGSEND = YES;
				ENABLE_TESTABILITY = YES;
				GCC_C_LANGUAGE_STANDARD = gnu11;
				GCC_DYNAMIC_NO_PIC = NO;
				GCC_NO_COMMON_BLOCKS = YES;
				GCC_OPTIMIZATION_LEVEL = 0;
				GCC_PREPROCESSOR_DEFINITIONS = (
					"DEBUG=1",
					"$(inherited)",
				);
				GCC_WARN_64_TO_32_BIT_CONVERSION = YES;
				GCC_WARN_ABOUT_RETURN_TYPE = YES_ERROR;
				GCC_WARN_UNDECLARED_SELECTOR = YES;
				GCC_WARN_UNINITIALIZED_AUTOS = YES_AGGRESSIVE;
				GCC_WARN_UNUSED_FUNCTION = YES;
				GCC_WARN_UNUSED_VARIABLE = YES;
				IPHONEOS_DEPLOYMENT_TARGET = 11.2;
				MTL_ENABLE_DEBUG_INFO = YES;
				ONLY_ACTIVE_ARCH = YES;
				SDKROOT = iphoneos;
				SWIFT_ACTIVE_COMPILATION_CONDITIONS = DEBUG;
				SWIFT_OPTIMIZATION_LEVEL = "-Onone";
			};
			name = Debug;
		};
		C949B9EC200A4DEF00621872 /* Release */ = {
			isa = XCBuildConfiguration;
			buildSettings = {
				ALWAYS_SEARCH_USER_PATHS = NO;
				CLANG_ANALYZER_NONNULL = YES;
				CLANG_ANALYZER_NUMBER_OBJECT_CONVERSION = YES_AGGRESSIVE;
				CLANG_CXX_LANGUAGE_STANDARD = "gnu++14";
				CLANG_CXX_LIBRARY = "libc++";
				CLANG_ENABLE_MODULES = YES;
				CLANG_ENABLE_OBJC_ARC = YES;
				CLANG_WARN_BLOCK_CAPTURE_AUTORELEASING = YES;
				CLANG_WARN_BOOL_CONVERSION = YES;
				CLANG_WARN_COMMA = YES;
				CLANG_WARN_CONSTANT_CONVERSION = YES;
				CLANG_WARN_DIRECT_OBJC_ISA_USAGE = YES_ERROR;
				CLANG_WARN_DOCUMENTATION_COMMENTS = YES;
				CLANG_WARN_EMPTY_BODY = YES;
				CLANG_WARN_ENUM_CONVERSION = YES;
				CLANG_WARN_INFINITE_RECURSION = YES;
				CLANG_WARN_INT_CONVERSION = YES;
				CLANG_WARN_NON_LITERAL_NULL_CONVERSION = YES;
				CLANG_WARN_OBJC_LITERAL_CONVERSION = YES;
				CLANG_WARN_OBJC_ROOT_CLASS = YES_ERROR;
				CLANG_WARN_RANGE_LOOP_ANALYSIS = YES;
				CLANG_WARN_STRICT_PROTOTYPES = YES;
				CLANG_WARN_SUSPICIOUS_MOVE = YES;
				CLANG_WARN_UNGUARDED_AVAILABILITY = YES_AGGRESSIVE;
				CLANG_WARN_UNREACHABLE_CODE = YES;
				CLANG_WARN__DUPLICATE_METHOD_MATCH = YES;
				CODE_SIGN_IDENTITY = "iPhone Developer";
				COPY_PHASE_STRIP = NO;
				DEBUG_INFORMATION_FORMAT = "dwarf-with-dsym";
				ENABLE_NS_ASSERTIONS = NO;
				ENABLE_STRICT_OBJC_MSGSEND = YES;
				GCC_C_LANGUAGE_STANDARD = gnu11;
				GCC_NO_COMMON_BLOCKS = YES;
				GCC_WARN_64_TO_32_BIT_CONVERSION = YES;
				GCC_WARN_ABOUT_RETURN_TYPE = YES_ERROR;
				GCC_WARN_UNDECLARED_SELECTOR = YES;
				GCC_WARN_UNINITIALIZED_AUTOS = YES_AGGRESSIVE;
				GCC_WARN_UNUSED_FUNCTION = YES;
				GCC_WARN_UNUSED_VARIABLE = YES;
				IPHONEOS_DEPLOYMENT_TARGET = 11.2;
				MTL_ENABLE_DEBUG_INFO = NO;
				SDKROOT = iphoneos;
				SWIFT_OPTIMIZATION_LEVEL = "-Owholemodule";
				VALIDATE_PRODUCT = YES;
			};
			name = Release;
		};
		C949B9EE200A4DEF00621872 /* Debug */ = {
			isa = XCBuildConfiguration;
			buildSettings = {
				ASSETCATALOG_COMPILER_APPICON_NAME = AppIcon;
				CODE_SIGN_STYLE = Automatic;
				DEVELOPMENT_TEAM = 4B3NXFBK34;
				INFOPLIST_FILE = "DO IT!/Info.plist";
				LD_RUNPATH_SEARCH_PATHS = "$(inherited) @executable_path/Frameworks";
				PRODUCT_BUNDLE_IDENTIFIER = "com.JGhostyCreative.DO-IT-";
				PRODUCT_NAME = "$(TARGET_NAME)";
				SWIFT_VERSION = 4.0;
				TARGETED_DEVICE_FAMILY = "1,2";
			};
			name = Debug;
		};
		C949B9EF200A4DEF00621872 /* Release */ = {
			isa = XCBuildConfiguration;
			buildSettings = {
				ASSETCATALOG_COMPILER_APPICON_NAME = AppIcon;
				CODE_SIGN_STYLE = Automatic;
				DEVELOPMENT_TEAM = 4B3NXFBK34;
				INFOPLIST_FILE = "DO IT!/Info.plist";
				LD_RUNPATH_SEARCH_PATHS = "$(inherited) @executable_path/Frameworks";
				PRODUCT_BUNDLE_IDENTIFIER = "com.JGhostyCreative.DO-IT-";
				PRODUCT_NAME = "$(TARGET_NAME)";
				SWIFT_VERSION = 4.0;
				TARGETED_DEVICE_FAMILY = "1,2";
			};
			name = Release;
		};
/* End XCBuildConfiguration section */

/* Begin XCConfigurationList section */
		C949B9D6200A4DEE00621872 /* Build configuration list for PBXProject "DO IT!" */ = {
			isa = XCConfigurationList;
			buildConfigurations = (
				C949B9EB200A4DEF00621872 /* Debug */,
				C949B9EC200A4DEF00621872 /* Release */,
			);
			defaultConfigurationIsVisible = 0;
			defaultConfigurationName = Release;
		};
		C949B9ED200A4DEF00621872 /* Build configuration list for PBXNativeTarget "DO IT!" */ = {
			isa = XCConfigurationList;
			buildConfigurations = (
				C949B9EE200A4DEF00621872 /* Debug */,
				C949B9EF200A4DEF00621872 /* Release */,
			);
			defaultConfigurationIsVisible = 0;
			defaultConfigurationName = Release;
		};
/* End XCConfigurationList section */

/* Begin XCVersionGroup section */
		C9697EE9201E034A003F0756 /* DataModel.xcdatamodeld */ = {
			isa = XCVersionGroup;
			children = (
				C9697EEA201E034A003F0756 /* DataModel.xcdatamodel */,
			);
			currentVersion = C9697EEA201E034A003F0756 /* DataModel.xcdatamodel */;
			path = DataModel.xcdatamodeld;
			sourceTree = "<group>";
			versionGroupType = wrapper.xcdatamodel;
		};
/* End XCVersionGroup section */
	};
	rootObject = C949B9D3200A4DEE00621872 /* Project object */;
}
